
Microsoft Visual Studio Solution File, Format Version 12.00
# Visual Studio Version 16
VisualStudioVersion = 16.0.28803.202
MinimumVisualStudioVersion = 10.0.40219.1
Project("{FAE04EC0-301F-11D3-BF4B-00C04F79EFBC}") = "MVC-FiltersAndHelpers", "MVC-FiltersAndHelpers\MVC-FiltersAndHelpers.csproj", "{65759767-1B04-4F45-9828-E8036CE5C475}"
EndProject
Global
	GlobalSection(SolutionConfigurationPlatforms) = preSolution
		Debug|Any CPU = Debug|Any CPU
		Release|Any CPU = Release|Any CPU
	EndGlobalSection
	GlobalSection(ProjectConfigurationPlatforms) = postSolution
		{65759767-1B04-4F45-9828-E8036CE5C475}.Debug|Any CPU.ActiveCfg = Debug|Any CPU
		{65759767-1B04-4F45-9828-E8036CE5C475}.Debug|Any CPU.Build.0 = Debug|Any CPU
		{65759767-1B04-4F45-9828-E8036CE5C475}.Release|Any CPU.ActiveCfg = Release|Any CPU
		{65759767-1B04-4F45-9828-E8036CE5C475}.Release|Any CPU.Build.0 = Release|Any CPU
	EndGlobalSection
	GlobalSection(SolutionProperties) = preSolution
		HideSolutionNode = FALSE
	EndGlobalSection
	GlobalSection(ExtensibilityGlobals) = postSolution
		SolutionGuid = {C4EA374C-E717-478D-A4E1-44D9B09D4A2D}
	EndGlobalSection
EndGlobal
